
Microsoft Visual Studio Solution File, Format Version 12.00
# Visual Studio Version 17
VisualStudioVersion = 17.0.31903.59
MinimumVisualStudioVersion = 10.0.40219.1
Project("{2150E333-8FDC-42A3-9474-1A3956D46DE8}") = "src", "src", "{F4FCB816-6613-4E33-96C6-7317C5A4406F}"
	ProjectSection(SolutionItems) = preProject
		src\DTOs = src\DTOs
	EndProjectSection
EndProject
Project("{FAE04EC0-301F-11D3-BF4B-00C04F79EFBC}") = "AuctionService", "src\AuctionService\AuctionService.csproj", "{6B192F0E-591A-4CDC-928E-36728A3598CE}"
EndProject
Project("{FAE04EC0-301F-11D3-BF4B-00C04F79EFBC}") = "SearchService", "src\SearchService\SearchService.csproj", "{1D299AA8-FD2F-4010-AC02-11DDE245F773}"
EndProject
Project("{FAE04EC0-301F-11D3-BF4B-00C04F79EFBC}") = "Contracts", "src\contracts\Contracts.csproj", "{33ABD9A8-ED5D-4692-A896-F54D645367CA}"
EndProject
Project("{FAE04EC0-301F-11D3-BF4B-00C04F79EFBC}") = "IdentityService", "src\IdentityService\IdentityService.csproj", "{DCAE1C8B-CA17-4C80-BA62-D21D4292BD84}"
EndProject
Global
	GlobalSection(SolutionConfigurationPlatforms) = preSolution
		Debug|Any CPU = Debug|Any CPU
		Release|Any CPU = Release|Any CPU
	EndGlobalSection
	GlobalSection(SolutionProperties) = preSolution
		HideSolutionNode = FALSE
	EndGlobalSection
	GlobalSection(ProjectConfigurationPlatforms) = postSolution
		{6B192F0E-591A-4CDC-928E-36728A3598CE}.Debug|Any CPU.ActiveCfg = Debug|Any CPU
		{6B192F0E-591A-4CDC-928E-36728A3598CE}.Debug|Any CPU.Build.0 = Debug|Any CPU
		{6B192F0E-591A-4CDC-928E-36728A3598CE}.Release|Any CPU.ActiveCfg = Release|Any CPU
		{6B192F0E-591A-4CDC-928E-36728A3598CE}.Release|Any CPU.Build.0 = Release|Any CPU
		{1D299AA8-FD2F-4010-AC02-11DDE245F773}.Debug|Any CPU.ActiveCfg = Debug|Any CPU
		{1D299AA8-FD2F-4010-AC02-11DDE245F773}.Debug|Any CPU.Build.0 = Debug|Any CPU
		{1D299AA8-FD2F-4010-AC02-11DDE245F773}.Release|Any CPU.ActiveCfg = Release|Any CPU
		{1D299AA8-FD2F-4010-AC02-11DDE245F773}.Release|Any CPU.Build.0 = Release|Any CPU
		{33ABD9A8-ED5D-4692-A896-F54D645367CA}.Debug|Any CPU.ActiveCfg = Debug|Any CPU
		{33ABD9A8-ED5D-4692-A896-F54D645367CA}.Debug|Any CPU.Build.0 = Debug|Any CPU
		{33ABD9A8-ED5D-4692-A896-F54D645367CA}.Release|Any CPU.ActiveCfg = Release|Any CPU
		{33ABD9A8-ED5D-4692-A896-F54D645367CA}.Release|Any CPU.Build.0 = Release|Any CPU
		{DCAE1C8B-CA17-4C80-BA62-D21D4292BD84}.Debug|Any CPU.ActiveCfg = Debug|Any CPU
		{DCAE1C8B-CA17-4C80-BA62-D21D4292BD84}.Debug|Any CPU.Build.0 = Debug|Any CPU
		{DCAE1C8B-CA17-4C80-BA62-D21D4292BD84}.Release|Any CPU.ActiveCfg = Release|Any CPU
		{DCAE1C8B-CA17-4C80-BA62-D21D4292BD84}.Release|Any CPU.Build.0 = Release|Any CPU
	EndGlobalSection
	GlobalSection(NestedProjects) = preSolution
		{6B192F0E-591A-4CDC-928E-36728A3598CE} = {F4FCB816-6613-4E33-96C6-7317C5A4406F}
		{1D299AA8-FD2F-4010-AC02-11DDE245F773} = {F4FCB816-6613-4E33-96C6-7317C5A4406F}
		{33ABD9A8-ED5D-4692-A896-F54D645367CA} = {F4FCB816-6613-4E33-96C6-7317C5A4406F}
		{DCAE1C8B-CA17-4C80-BA62-D21D4292BD84} = {F4FCB816-6613-4E33-96C6-7317C5A4406F}
	EndGlobalSection
EndGlobal
